// !$*UTF8*$!
{
	archiveVersion = 1;
	classes = {
	};
	objectVersion = 50;
	objects = {

/* Begin PBXBuildFile section */
		4E429CF221DF31090096D2D9 /* GCDAsyncUdpSocket.m in Sources */ = {isa = PBXBuildFile; fileRef = 4E429CF021DF31090096D2D9 /* GCDAsyncUdpSocket.m */; };
		4E68FFEF21DE6E9B00B2B273 /* GCDAsyncSocket.m in Sources */ = {isa = PBXBuildFile; fileRef = 4E68FFED21DE6E9B00B2B273 /* GCDAsyncSocket.m */; };
		4E91A6A121DE60BE00D9699C /* AppDelegate.swift in Sources */ = {isa = PBXBuildFile; fileRef = 4E91A6A021DE60BE00D9699C /* AppDelegate.swift */; };
		4E91A6A321DE60BE00D9699C /* ViewController.swift in Sources */ = {isa = PBXBuildFile; fileRef = 4E91A6A221DE60BE00D9699C /* ViewController.swift */; };
		4E91A6A621DE60BE00D9699C /* Main.storyboard in Resources */ = {isa = PBXBuildFile; fileRef = 4E91A6A421DE60BE00D9699C /* Main.storyboard */; };
		4E91A6A821DE60C000D9699C /* Assets.xcassets in Resources */ = {isa = PBXBuildFile; fileRef = 4E91A6A721DE60C000D9699C /* Assets.xcassets */; };
		4E91A6AB21DE60C000D9699C /* LaunchScreen.storyboard in Resources */ = {isa = PBXBuildFile; fileRef = 4E91A6A921DE60C000D9699C /* LaunchScreen.storyboard */; };
/* End PBXBuildFile section */

/* Begin PBXFileReference section */
		4E429CF021DF31090096D2D9 /* GCDAsyncUdpSocket.m */ = {isa = PBXFileReference; fileEncoding = 4; lastKnownFileType = sourcecode.c.objc; name = GCDAsyncUdpSocket.m; path = "../../../Downloads/CocoaAsyncSocket-master/Source/GCD/GCDAsyncUdpSocket.m"; sourceTree = "<group>"; };
		4E429CF121DF31090096D2D9 /* GCDAsyncUdpSocket.h */ = {isa = PBXFileReference; fileEncoding = 4; lastKnownFileType = sourcecode.c.h; name = GCDAsyncUdpSocket.h; path = "../../../Downloads/CocoaAsyncSocket-master/Source/GCD/GCDAsyncUdpSocket.h"; sourceTree = "<group>"; };
		4E68FFEC21DE6E9A00B2B273 /* RemoteControl-Bridging-Header.h */ = {isa = PBXFileReference; lastKnownFileType = sourcecode.c.h; path = "RemoteControl-Bridging-Header.h"; sourceTree = "<group>"; };
		4E68FFED21DE6E9B00B2B273 /* GCDAsyncSocket.m */ = {isa = PBXFileReference; fileEncoding = 4; lastKnownFileType = sourcecode.c.objc; name = GCDAsyncSocket.m; path = "../../../Downloads/CocoaAsyncSocket-master/Source/GCD/GCDAsyncSocket.m"; sourceTree = "<group>"; };
		4E68FFEE21DE6E9B00B2B273 /* GCDAsyncSocket.h */ = {isa = PBXFileReference; fileEncoding = 4; lastKnownFileType = sourcecode.c.h; name = GCDAsyncSocket.h; path = "../../../Downloads/CocoaAsyncSocket-master/Source/GCD/GCDAsyncSocket.h"; sourceTree = "<group>"; };
		4E91A69D21DE60BE00D9699C /* RemoteControl.app */ = {isa = PBXFileReference; explicitFileType = wrapper.application; includeInIndex = 0; path = RemoteControl.app; sourceTree = BUILT_PRODUCTS_DIR; };
		4E91A6A021DE60BE00D9699C /* AppDelegate.swift */ = {isa = PBXFileReference; lastKnownFileType = sourcecode.swift; path = AppDelegate.swift; sourceTree = "<group>"; };
		4E91A6A221DE60BE00D9699C /* ViewController.swift */ = {isa = PBXFileReference; lastKnownFileType = sourcecode.swift; path = ViewController.swift; sourceTree = "<group>"; };
		4E91A6A521DE60BE00D9699C /* Base */ = {isa = PBXFileReference; lastKnownFileType = file.storyboard; name = Base; path = Base.lproj/Main.storyboard; sourceTree = "<group>"; };
		4E91A6A721DE60C000D9699C /* Assets.xcassets */ = {isa = PBXFileReference; lastKnownFileType = folder.assetcatalog; path = Assets.xcassets; sourceTree = "<group>"; };
		4E91A6AA21DE60C000D9699C /* Base */ = {isa = PBXFileReference; lastKnownFileType = file.storyboard; name = Base; path = Base.lproj/LaunchScreen.storyboard; sourceTree = "<group>"; };
		4E91A6AC21DE60C000D9699C /* Info.plist */ = {isa = PBXFileReference; lastKnownFileType = text.plist.xml; path = Info.plist; sourceTree = "<group>"; };
/* End PBXFileReference section */

/* Begin PBXFrameworksBuildPhase section */
		4E91A69A21DE60BE00D9699C /* Frameworks */ = {
			isa = PBXFrameworksBuildPhase;
			buildActionMask = 2147483647;
			files = (
			);
			runOnlyForDeploymentPostprocessing = 0;
		};
/* End PBXFrameworksBuildPhase section */

/* Begin PBXGroup section */
		4E91A69421DE60BE00D9699C = {
			isa = PBXGroup;
			children = (
				4E91A69F21DE60BE00D9699C /* RemoteControl */,
				4E91A69E21DE60BE00D9699C /* Products */,
			);
			sourceTree = "<group>";
		};
		4E91A69E21DE60BE00D9699C /* Products */ = {
			isa = PBXGroup;
			children = (
				4E91A69D21DE60BE00D9699C /* RemoteControl.app */,
			);
			name = Products;
			sourceTree = "<group>";
		};
		4E91A69F21DE60BE00D9699C /* RemoteControl */ = {
			isa = PBXGroup;
			children = (
				4E429CF121DF31090096D2D9 /* GCDAsyncUdpSocket.h */,
				4E429CF021DF31090096D2D9 /* GCDAsyncUdpSocket.m */,
				4E68FFEE21DE6E9B00B2B273 /* GCDAsyncSocket.h */,
				4E68FFED21DE6E9B00B2B273 /* GCDAsyncSocket.m */,
				4E91A6A021DE60BE00D9699C /* AppDelegate.swift */,
				4E91A6A221DE60BE00D9699C /* ViewController.swift */,
				4E91A6A721DE60C000D9699C /* Assets.xcassets */,
				4E91A6A421DE60BE00D9699C /* Main.storyboard */,
				4E91A6A921DE60C000D9699C /* LaunchScreen.storyboard */,
				4E91A6AC21DE60C000D9699C /* Info.plist */,
				4E68FFEC21DE6E9A00B2B273 /* RemoteControl-Bridging-Header.h */,
			);
			path = RemoteControl;
			sourceTree = "<group>";
		};
/* End PBXGroup section */

/* Begin PBXNativeTarget section */
		4E91A69C21DE60BE00D9699C /* RemoteControl */ = {
			isa = PBXNativeTarget;
			buildConfigurationList = 4E91A6AF21DE60C000D9699C /* Build configuration list for PBXNativeTarget "RemoteControl" */;
			buildPhases = (
				4E91A69921DE60BE00D9699C /* Sources */,
				4E91A69A21DE60BE00D9699C /* Frameworks */,
				4E91A69B21DE60BE00D9699C /* Resources */,
			);
			buildRules = (
			);
			dependencies = (
			);
			name = RemoteControl;
			productName = RemoteControl;
			productReference = 4E91A69D21DE60BE00D9699C /* RemoteControl.app */;
			productType = "com.apple.product-type.application";
		};
/* End PBXNativeTarget section */

/* Begin PBXProject section */
		4E91A69521DE60BE00D9699C /* Project object */ = {
			isa = PBXProject;
			attributes = {
				LastSwiftUpdateCheck = 1010;
				LastUpgradeCheck = 1010;
				ORGANIZATIONNAME = cn.em;
				TargetAttributes = {
					4E91A69C21DE60BE00D9699C = {
						CreatedOnToolsVersion = 10.1;
						LastSwiftMigration = 1010;
					};
				};
			};
			buildConfigurationList = 4E91A69821DE60BE00D9699C /* Build configuration list for PBXProject "RemoteControl" */;
			compatibilityVersion = "Xcode 9.3";
			developmentRegion = en;
			hasScannedForEncodings = 0;
			knownRegions = (
				en,
				Base,
			);
			mainGroup = 4E91A69421DE60BE00D9699C;
			productRefGroup = 4E91A69E21DE60BE00D9699C /* Products */;
			projectDirPath = "";
			projectRoot = "";
			targets = (
				4E91A69C21DE60BE00D9699C /* RemoteControl */,
			);
		};
/* End PBXProject section */

/* Begin PBXResourcesBuildPhase section */
		4E91A69B21DE60BE00D9699C /* Resources */ = {
			isa = PBXResourcesBuildPhase;
			buildActionMask = 2147483647;
			files = (
				4E91A6AB21DE60C000D9699C /* LaunchScreen.storyboard in Resources */,
				4E91A6A821DE60C000D9699C /* Assets.xcassets in Resources */,
				4E91A6A621DE60BE00D9699C /* Main.storyboard in Resources */,
			);
			runOnlyForDeploymentPostprocessing = 0;
		};
/* End PBXResourcesBuildPhase section */

/* Begin PBXSourcesBuildPhase section */
		4E91A69921DE60BE00D9699C /* Sources */ = {
			isa = PBXSourcesBuildPhase;
			buildActionMask = 2147483647;
			files = (
				4E429CF221DF31090096D2D9 /* GCDAsyncUdpSocket.m in Sources */,
				4E68FFEF21DE6E9B00B2B273 /* GCDAsyncSocket.m in Sources */,
				4E91A6A321DE60BE00D9699C /* ViewController.swift in Sources */,
				4E91A6A121DE60BE00D9699C /* AppDelegate.swift in Sources */,
			);
			runOnlyForDeploymentPostprocessing = 0;
		};
/* End PBXSourcesBuildPhase section */

/* Begin PBXVariantGroup section */
		4E91A6A421DE60BE00D9699C /* Main.storyboard */ = {
			isa = PBXVariantGroup;
			children = (
				4E91A6A521DE60BE00D9699C /* Base */,
			);
			name = Main.storyboard;
			sourceTree = "<group>";
		};
		4E91A6A921DE60C000D9699C /* LaunchScreen.storyboard */ = {
			isa = PBXVariantGroup;
			children = (
				4E91A6AA21DE60C000D9699C /* Base */,
			);
			name = LaunchScreen.storyboard;
			sourceTree = "<group>";
		};
/* End PBXVariantGroup section */

/* Begin XCBuildConfiguration section */
		4E91A6AD21DE60C000D9699C /* Debug */ = {
			isa = XCBuildConfiguration;
			buildSettings = {
				ALWAYS_SEARCH_USER_PATHS = NO;
				CLANG_ANALYZER_NONNULL = YES;
				CLANG_ANALYZER_NUMBER_OBJECT_CONVERSION = YES_AGGRESSIVE;
				CLANG_CXX_LANGUAGE_STANDARD = "gnu++14";
				CLANG_CXX_LIBRARY = "libc++";
				CLANG_ENABLE_MODULES = YES;
				CLANG_ENABLE_OBJC_ARC = YES;
				CLANG_ENABLE_OBJC_WEAK = YES;
				CLANG_WARN_BLOCK_CAPTURE_AUTORELEASING = YES;
				CLANG_WARN_BOOL_CONVERSION = YES;
				CLANG_WARN_COMMA = YES;
				CLANG_WARN_CONSTANT_CONVERSION = YES;
				CLANG_WARN_DEPRECATED_OBJC_IMPLEMENTATIONS = YES;
				CLANG_WARN_DIRECT_OBJC_ISA_USAGE = YES_ERROR;
				CLANG_WARN_DOCUMENTATION_COMMENTS = YES;
				CLANG_WARN_EMPTY_BODY = YES;
				CLANG_WARN_ENUM_CONVERSION = YES;
				CLANG_WARN_INFINITE_RECURSION = YES;
				CLANG_WARN_INT_CONVERSION = YES;
				CLANG_WARN_NON_LITERAL_NULL_CONVERSION = YES;
				CLANG_WARN_OBJC_IMPLICIT_RETAIN_SELF = YES;
				CLANG_WARN_OBJC_LITERAL_CONVERSION = YES;
				CLANG_WARN_OBJC_ROOT_CLASS = YES_ERROR;
				CLANG_WARN_RANGE_LOOP_ANALYSIS = YES;
				CLANG_WARN_STRICT_PROTOTYPES = YES;
				CLANG_WARN_SUSPICIOUS_MOVE = YES;
				CLANG_WARN_UNGUARDED_AVAILABILITY = YES_AGGRESSIVE;
				CLANG_WARN_UNREACHABLE_CODE = YES;
				CLANG_WARN__DUPLICATE_METHOD_MATCH = YES;
				CODE_SIGN_IDENTITY = "iPhone Developer";
				COPY_PHASE_STRIP = NO;
				DEBUG_INFORMATION_FORMAT = dwarf;
				ENABLE_STRICT_OBJC_MSGSEND = YES;
				ENABLE_TESTABILITY = YES;
				GCC_C_LANGUAGE_STANDARD = gnu11;
				GCC_DYNAMIC_NO_PIC = NO;
				GCC_NO_COMMON_BLOCKS = YES;
				GCC_OPTIMIZATION_LEVEL = 0;
				GCC_PREPROCESSOR_DEFINITIONS = (
					"DEBUG=1",
					"$(inherited)",
				);
				GCC_WARN_64_TO_32_BIT_CONVERSION = YES;
				GCC_WARN_ABOUT_RETURN_TYPE = YES_ERROR;
				GCC_WARN_UNDECLARED_SELECTOR = YES;
				GCC_WARN_UNINITIALIZED_AUTOS = YES_AGGRESSIVE;
				GCC_WARN_UNUSED_FUNCTION = YES;
				GCC_WARN_UNUSED_VARIABLE = YES;
				IPHONEOS_DEPLOYMENT_TARGET = 12.1;
				MTL_ENABLE_DEBUG_INFO = INCLUDE_SOURCE;
				MTL_FAST_MATH = YES;
				ONLY_ACTIVE_ARCH = YES;
				SDKROOT = iphoneos;
				SWIFT_ACTIVE_COMPILATION_CONDITIONS = DEBUG;
				SWIFT_OPTIMIZATION_LEVEL = "-Onone";
			};
			name = Debug;
		};
		4E91A6AE21DE60C000D9699C /* Release */ = {
			isa = XCBuildConfiguration;
			buildSettings = {
				ALWAYS_SEARCH_USER_PATHS = NO;
				CLANG_ANALYZER_NONNULL = YES;
				CLANG_ANALYZER_NUMBER_OBJECT_CONVERSION = YES_AGGRESSIVE;
				CLANG_CXX_LANGUAGE_STANDARD = "gnu++14";
				CLANG_CXX_LIBRARY = "libc++";
				CLANG_ENABLE_MODULES = YES;
				CLANG_ENABLE_OBJC_ARC = YES;
				CLANG_ENABLE_OBJC_WEAK = YES;
				CLANG_WARN_BLOCK_CAPTURE_AUTORELEASING = YES;
				CLANG_WARN_BOOL_CONVERSION = YES;
				CLANG_WARN_COMMA = YES;
				CLANG_WARN_CONSTANT_CONVERSION = YES;
				CLANG_WARN_DEPRECATED_OBJC_IMPLEMENTATIONS = YES;
				CLANG_WARN_DIRECT_OBJC_ISA_USAGE = YES_ERROR;
				CLANG_WARN_DOCUMENTATION_COMMENTS = YES;
				CLANG_WARN_EMPTY_BODY = YES;
				CLANG_WARN_ENUM_CONVERSION = YES;
				CLANG_WARN_INFINITE_RECURSION = YES;
				CLANG_WARN_INT_CONVERSION = YES;
				CLANG_WARN_NON_LITERAL_NULL_CONVERSION = YES;
				CLANG_WARN_OBJC_IMPLICIT_RETAIN_SELF = YES;
				CLANG_WARN_OBJC_LITERAL_CONVERSION = YES;
				CLANG_WARN_OBJC_ROOT_CLASS = YES_ERROR;
				CLANG_WARN_RANGE_LOOP_ANALYSIS = YES;
				CLANG_WARN_STRICT_PROTOTYPES = YES;
				CLANG_WARN_SUSPICIOUS_MOVE = YES;
				CLANG_WARN_UNGUARDED_AVAILABILITY = YES_AGGRESSIVE;
				CLANG_WARN_UNREACHABLE_CODE = YES;
				CLANG_WARN__DUPLICATE_METHOD_MATCH = YES;
				CODE_SIGN_IDENTITY = "iPhone Developer";
				COPY_PHASE_STRIP = NO;
				DEBUG_INFORMATION_FORMAT = "dwarf-with-dsym";
				ENABLE_NS_ASSERTIONS = NO;
				ENABLE_STRICT_OBJC_MSGSEND = YES;
				GCC_C_LANGUAGE_STANDARD = gnu11;
				GCC_NO_COMMON_BLOCKS = YES;
				GCC_WARN_64_TO_32_BIT_CONVERSION = YES;
				GCC_WARN_ABOUT_RETURN_TYPE = YES_ERROR;
				GCC_WARN_UNDECLARED_SELECTOR = YES;
				GCC_WARN_UNINITIALIZED_AUTOS = YES_AGGRESSIVE;
				GCC_WARN_UNUSED_FUNCTION = YES;
				GCC_WARN_UNUSED_VARIABLE = YES;
				IPHONEOS_DEPLOYMENT_TARGET = 12.1;
				MTL_ENABLE_DEBUG_INFO = NO;
				MTL_FAST_MATH = YES;
				SDKROOT = iphoneos;
				SWIFT_COMPILATION_MODE = wholemodule;
				SWIFT_OPTIMIZATION_LEVEL = "-O";
				VALIDATE_PRODUCT = YES;
			};
			name = Release;
		};
		4E91A6B021DE60C000D9699C /* Debug */ = {
			isa = XCBuildConfiguration;
			buildSettings = {
				ASSETCATALOG_COMPILER_APPICON_NAME = AppIcon;
				CLANG_ENABLE_MODULES = YES;
				CODE_SIGN_STYLE = Automatic;
				DEVELOPMENT_TEAM = W96DGAW597;
				INFOPLIST_FILE = RemoteControl/Info.plist;
				LD_RUNPATH_SEARCH_PATHS = (
					"$(inherited)",
					"@executable_path/Frameworks",
				);
				PRODUCT_BUNDLE_IDENTIFIER = cn.em.RemoteControl;
				PRODUCT_NAME = "$(TARGET_NAME)";
				SWIFT_OBJC_BRIDGING_HEADER = "RemoteControl/RemoteControl-Bridging-Header.h";
				SWIFT_OPTIMIZATION_LEVEL = "-Onone";
				SWIFT_VERSION = 4.2;
				TARGETED_DEVICE_FAMILY = "1,2";
			};
			name = Debug;
		};
		4E91A6B121DE60C000D9699C /* Release */ = {
			isa = XCBuildConfiguration;
			buildSettings = {
				ASSETCATALOG_COMPILER_APPICON_NAME = AppIcon;
				CLANG_ENABLE_MODULES = YES;
				CODE_SIGN_STYLE = Automatic;
				DEVELOPMENT_TEAM = W96DGAW597;
				INFOPLIST_FILE = RemoteControl/Info.plist;
				LD_RUNPATH_SEARCH_PATHS = (
					"$(inherited)",
					"@executable_path/Frameworks",
				);
				PRODUCT_BUNDLE_IDENTIFIER = cn.em.RemoteControl;
				PRODUCT_NAME = "$(TARGET_NAME)";
				SWIFT_OBJC_BRIDGING_HEADER = "RemoteControl/RemoteControl-Bridging-Header.h";
				SWIFT_VERSION = 4.2;
				TARGETED_DEVICE_FAMILY = "1,2";
			};
			name = Release;
		};
/* End XCBuildConfiguration section */

/* Begin XCConfigurationList section */
		4E91A69821DE60BE00D9699C /* Build configuration list for PBXProject "RemoteControl" */ = {
			isa = XCConfigurationList;
			buildConfigurations = (
				4E91A6AD21DE60C000D9699C /* Debug */,
				4E91A6AE21DE60C000D9699C /* Release */,
			);
			defaultConfigurationIsVisible = 0;
			defaultConfigurationName = Release;
		};
		4E91A6AF21DE60C000D9699C /* Build configuration list for PBXNativeTarget "RemoteControl" */ = {
			isa = XCConfigurationList;
			buildConfigurations = (
				4E91A6B021DE60C000D9699C /* Debug */,
				4E91A6B121DE60C000D9699C /* Release */,
			);
			defaultConfigurationIsVisible = 0;
			defaultConfigurationName = Release;
		};
/* End XCConfigurationList section */
	};
	rootObject = 4E91A69521DE60BE00D9699C /* Project object */;
}
