// !$*UTF8*$!
{
	archiveVersion = 1;
	classes = {
	};
	objectVersion = 50;
	objects = {

/* Begin PBXBuildFile section */
		FDFE611F21B24DBB003F25B4 /* AppDelegate.swift in Sources */ = {isa = PBXBuildFile; fileRef = FDFE611E21B24DBB003F25B4 /* AppDelegate.swift */; };
		FDFE612121B24DBB003F25B4 /* ViewController.swift in Sources */ = {isa = PBXBuildFile; fileRef = FDFE612021B24DBB003F25B4 /* ViewController.swift */; };
		FDFE612421B24DBB003F25B4 /* Main.storyboard in Resources */ = {isa = PBXBuildFile; fileRef = FDFE612221B24DBB003F25B4 /* Main.storyboard */; };
		FDFE612621B24DBE003F25B4 /* Assets.xcassets in Resources */ = {isa = PBXBuildFile; fileRef = FDFE612521B24DBE003F25B4 /* Assets.xcassets */; };
		FDFE612921B24DBE003F25B4 /* LaunchScreen.storyboard in Resources */ = {isa = PBXBuildFile; fileRef = FDFE612721B24DBE003F25B4 /* LaunchScreen.storyboard */; };
		FDFE613421B24DBE003F25B4 /* BlueToothKeyboardTests.swift in Sources */ = {isa = PBXBuildFile; fileRef = FDFE613321B24DBE003F25B4 /* BlueToothKeyboardTests.swift */; };
/* End PBXBuildFile section */

/* Begin PBXContainerItemProxy section */
		FDFE613021B24DBE003F25B4 /* PBXContainerItemProxy */ = {
			isa = PBXContainerItemProxy;
			containerPortal = FDFE611321B24DBB003F25B4 /* Project object */;
			proxyType = 1;
			remoteGlobalIDString = FDFE611A21B24DBB003F25B4;
			remoteInfo = BlueToothKeyboard;
		};
/* End PBXContainerItemProxy section */

/* Begin PBXFileReference section */
		FDFE611B21B24DBB003F25B4 /* BlueToothKeyboard.app */ = {isa = PBXFileReference; explicitFileType = wrapper.application; includeInIndex = 0; path = BlueToothKeyboard.app; sourceTree = BUILT_PRODUCTS_DIR; };
		FDFE611E21B24DBB003F25B4 /* AppDelegate.swift */ = {isa = PBXFileReference; lastKnownFileType = sourcecode.swift; path = AppDelegate.swift; sourceTree = "<group>"; };
		FDFE612021B24DBB003F25B4 /* ViewController.swift */ = {isa = PBXFileReference; lastKnownFileType = sourcecode.swift; path = ViewController.swift; sourceTree = "<group>"; };
		FDFE612321B24DBB003F25B4 /* Base */ = {isa = PBXFileReference; lastKnownFileType = file.storyboard; name = Base; path = Base.lproj/Main.storyboard; sourceTree = "<group>"; };
		FDFE612521B24DBE003F25B4 /* Assets.xcassets */ = {isa = PBXFileReference; lastKnownFileType = folder.assetcatalog; path = Assets.xcassets; sourceTree = "<group>"; };
		FDFE612821B24DBE003F25B4 /* Base */ = {isa = PBXFileReference; lastKnownFileType = file.storyboard; name = Base; path = Base.lproj/LaunchScreen.storyboard; sourceTree = "<group>"; };
		FDFE612A21B24DBE003F25B4 /* Info.plist */ = {isa = PBXFileReference; lastKnownFileType = text.plist.xml; path = Info.plist; sourceTree = "<group>"; };
		FDFE612F21B24DBE003F25B4 /* BlueToothKeyboardTests.xctest */ = {isa = PBXFileReference; explicitFileType = wrapper.cfbundle; includeInIndex = 0; path = BlueToothKeyboardTests.xctest; sourceTree = BUILT_PRODUCTS_DIR; };
		FDFE613321B24DBE003F25B4 /* BlueToothKeyboardTests.swift */ = {isa = PBXFileReference; lastKnownFileType = sourcecode.swift; path = BlueToothKeyboardTests.swift; sourceTree = "<group>"; };
		FDFE613521B24DBE003F25B4 /* Info.plist */ = {isa = PBXFileReference; lastKnownFileType = text.plist.xml; path = Info.plist; sourceTree = "<group>"; };
/* End PBXFileReference section */

/* Begin PBXFrameworksBuildPhase section */
		FDFE611821B24DBB003F25B4 /* Frameworks */ = {
			isa = PBXFrameworksBuildPhase;
			buildActionMask = 2147483647;
			files = (
			);
			runOnlyForDeploymentPostprocessing = 0;
		};
		FDFE612C21B24DBE003F25B4 /* Frameworks */ = {
			isa = PBXFrameworksBuildPhase;
			buildActionMask = 2147483647;
			files = (
			);
			runOnlyForDeploymentPostprocessing = 0;
		};
/* End PBXFrameworksBuildPhase section */

/* Begin PBXGroup section */
		FDFE611221B24DBB003F25B4 = {
			isa = PBXGroup;
			children = (
				FDFE611D21B24DBB003F25B4 /* BlueToothKeyboard */,
				FDFE613221B24DBE003F25B4 /* BlueToothKeyboardTests */,
				FDFE611C21B24DBB003F25B4 /* Products */,
			);
			sourceTree = "<group>";
		};
		FDFE611C21B24DBB003F25B4 /* Products */ = {
			isa = PBXGroup;
			children = (
				FDFE611B21B24DBB003F25B4 /* BlueToothKeyboard.app */,
				FDFE612F21B24DBE003F25B4 /* BlueToothKeyboardTests.xctest */,
			);
			name = Products;
			sourceTree = "<group>";
		};
		FDFE611D21B24DBB003F25B4 /* BlueToothKeyboard */ = {
			isa = PBXGroup;
			children = (
				FDFE611E21B24DBB003F25B4 /* AppDelegate.swift */,
				FDFE612021B24DBB003F25B4 /* ViewController.swift */,
				FDFE612221B24DBB003F25B4 /* Main.storyboard */,
				FDFE612521B24DBE003F25B4 /* Assets.xcassets */,
				FDFE612721B24DBE003F25B4 /* LaunchScreen.storyboard */,
				FDFE612A21B24DBE003F25B4 /* Info.plist */,
			);
			path = BlueToothKeyboard;
			sourceTree = "<group>";
		};
		FDFE613221B24DBE003F25B4 /* BlueToothKeyboardTests */ = {
			isa = PBXGroup;
			children = (
				FDFE613321B24DBE003F25B4 /* BlueToothKeyboardTests.swift */,
				FDFE613521B24DBE003F25B4 /* Info.plist */,
			);
			path = BlueToothKeyboardTests;
			sourceTree = "<group>";
		};
/* End PBXGroup section */

/* Begin PBXNativeTarget section */
		FDFE611A21B24DBB003F25B4 /* BlueToothKeyboard */ = {
			isa = PBXNativeTarget;
			buildConfigurationList = FDFE613821B24DBE003F25B4 /* Build configuration list for PBXNativeTarget "BlueToothKeyboard" */;
			buildPhases = (
				FDFE611721B24DBB003F25B4 /* Sources */,
				FDFE611821B24DBB003F25B4 /* Frameworks */,
				FDFE611921B24DBB003F25B4 /* Resources */,
			);
			buildRules = (
			);
			dependencies = (
			);
			name = BlueToothKeyboard;
			productName = BlueToothKeyboard;
			productReference = FDFE611B21B24DBB003F25B4 /* BlueToothKeyboard.app */;
			productType = "com.apple.product-type.application";
		};
		FDFE612E21B24DBE003F25B4 /* BlueToothKeyboardTests */ = {
			isa = PBXNativeTarget;
			buildConfigurationList = FDFE613B21B24DBE003F25B4 /* Build configuration list for PBXNativeTarget "BlueToothKeyboardTests" */;
			buildPhases = (
				FDFE612B21B24DBE003F25B4 /* Sources */,
				FDFE612C21B24DBE003F25B4 /* Frameworks */,
				FDFE612D21B24DBE003F25B4 /* Resources */,
			);
			buildRules = (
			);
			dependencies = (
				FDFE613121B24DBE003F25B4 /* PBXTargetDependency */,
			);
			name = BlueToothKeyboardTests;
			productName = BlueToothKeyboardTests;
			productReference = FDFE612F21B24DBE003F25B4 /* BlueToothKeyboardTests.xctest */;
			productType = "com.apple.product-type.bundle.unit-test";
		};
/* End PBXNativeTarget section */

/* Begin PBXProject section */
		FDFE611321B24DBB003F25B4 /* Project object */ = {
			isa = PBXProject;
			attributes = {
				LastSwiftUpdateCheck = 1010;
				LastUpgradeCheck = 1010;
				ORGANIZATIONNAME = EdwardMartin;
				TargetAttributes = {
					FDFE611A21B24DBB003F25B4 = {
						CreatedOnToolsVersion = 10.1;
					};
					FDFE612E21B24DBE003F25B4 = {
						CreatedOnToolsVersion = 10.1;
						TestTargetID = FDFE611A21B24DBB003F25B4;
					};
				};
			};
			buildConfigurationList = FDFE611621B24DBB003F25B4 /* Build configuration list for PBXProject "BlueToothKeyboard" */;
			compatibilityVersion = "Xcode 9.3";
			developmentRegion = en;
			hasScannedForEncodings = 0;
			knownRegions = (
				en,
				Base,
			);
			mainGroup = FDFE611221B24DBB003F25B4;
			productRefGroup = FDFE611C21B24DBB003F25B4 /* Products */;
			projectDirPath = "";
			projectRoot = "";
			targets = (
				FDFE611A21B24DBB003F25B4 /* BlueToothKeyboard */,
				FDFE612E21B24DBE003F25B4 /* BlueToothKeyboardTests */,
			);
		};
/* End PBXProject section */

/* Begin PBXResourcesBuildPhase section */
		FDFE611921B24DBB003F25B4 /* Resources */ = {
			isa = PBXResourcesBuildPhase;
			buildActionMask = 2147483647;
			files = (
				FDFE612921B24DBE003F25B4 /* LaunchScreen.storyboard in Resources */,
				FDFE612621B24DBE003F25B4 /* Assets.xcassets in Resources */,
				FDFE612421B24DBB003F25B4 /* Main.storyboard in Resources */,
			);
			runOnlyForDeploymentPostprocessing = 0;
		};
		FDFE612D21B24DBE003F25B4 /* Resources */ = {
			isa = PBXResourcesBuildPhase;
			buildActionMask = 2147483647;
			files = (
			);
			runOnlyForDeploymentPostprocessing = 0;
		};
/* End PBXResourcesBuildPhase section */

/* Begin PBXSourcesBuildPhase section */
		FDFE611721B24DBB003F25B4 /* Sources */ = {
			isa = PBXSourcesBuildPhase;
			buildActionMask = 2147483647;
			files = (
				FDFE612121B24DBB003F25B4 /* ViewController.swift in Sources */,
				FDFE611F21B24DBB003F25B4 /* AppDelegate.swift in Sources */,
			);
			runOnlyForDeploymentPostprocessing = 0;
		};
		FDFE612B21B24DBE003F25B4 /* Sources */ = {
			isa = PBXSourcesBuildPhase;
			buildActionMask = 2147483647;
			files = (
				FDFE613421B24DBE003F25B4 /* BlueToothKeyboardTests.swift in Sources */,
			);
			runOnlyForDeploymentPostprocessing = 0;
		};
/* End PBXSourcesBuildPhase section */

/* Begin PBXTargetDependency section */
		FDFE613121B24DBE003F25B4 /* PBXTargetDependency */ = {
			isa = PBXTargetDependency;
			target = FDFE611A21B24DBB003F25B4 /* BlueToothKeyboard */;
			targetProxy = FDFE613021B24DBE003F25B4 /* PBXContainerItemProxy */;
		};
/* End PBXTargetDependency section */

/* Begin PBXVariantGroup section */
		FDFE612221B24DBB003F25B4 /* Main.storyboard */ = {
			isa = PBXVariantGroup;
			children = (
				FDFE612321B24DBB003F25B4 /* Base */,
			);
			name = Main.storyboard;
			sourceTree = "<group>";
		};
		FDFE612721B24DBE003F25B4 /* LaunchScreen.storyboard */ = {
			isa = PBXVariantGroup;
			children = (
				FDFE612821B24DBE003F25B4 /* Base */,
			);
			name = LaunchScreen.storyboard;
			sourceTree = "<group>";
		};
/* End PBXVariantGroup section */

/* Begin XCBuildConfiguration section */
		FDFE613621B24DBE003F25B4 /* Debug */ = {
			isa = XCBuildConfiguration;
			buildSettings = {
				ALWAYS_SEARCH_USER_PATHS = NO;
				CLANG_ANALYZER_NONNULL = YES;
				CLANG_ANALYZER_NUMBER_OBJECT_CONVERSION = YES_AGGRESSIVE;
				CLANG_CXX_LANGUAGE_STANDARD = "gnu++14";
				CLANG_CXX_LIBRARY = "libc++";
				CLANG_ENABLE_MODULES = YES;
				CLANG_ENABLE_OBJC_ARC = YES;
				CLANG_ENABLE_OBJC_WEAK = YES;
				CLANG_WARN_BLOCK_CAPTURE_AUTORELEASING = YES;
				CLANG_WARN_BOOL_CONVERSION = YES;
				CLANG_WARN_COMMA = YES;
				CLANG_WARN_CONSTANT_CONVERSION = YES;
				CLANG_WARN_DEPRECATED_OBJC_IMPLEMENTATIONS = YES;
				CLANG_WARN_DIRECT_OBJC_ISA_USAGE = YES_ERROR;
				CLANG_WARN_DOCUMENTATION_COMMENTS = YES;
				CLANG_WARN_EMPTY_BODY = YES;
				CLANG_WARN_ENUM_CONVERSION = YES;
				CLANG_WARN_INFINITE_RECURSION = YES;
				CLANG_WARN_INT_CONVERSION = YES;
				CLANG_WARN_NON_LITERAL_NULL_CONVERSION = YES;
				CLANG_WARN_OBJC_IMPLICIT_RETAIN_SELF = YES;
				CLANG_WARN_OBJC_LITERAL_CONVERSION = YES;
				CLANG_WARN_OBJC_ROOT_CLASS = YES_ERROR;
				CLANG_WARN_RANGE_LOOP_ANALYSIS = YES;
				CLANG_WARN_STRICT_PROTOTYPES = YES;
				CLANG_WARN_SUSPICIOUS_MOVE = YES;
				CLANG_WARN_UNGUARDED_AVAILABILITY = YES_AGGRESSIVE;
				CLANG_WARN_UNREACHABLE_CODE = YES;
				CLANG_WARN__DUPLICATE_METHOD_MATCH = YES;
				CODE_SIGN_IDENTITY = "iPhone Developer";
				COPY_PHASE_STRIP = NO;
				DEBUG_INFORMATION_FORMAT = dwarf;
				ENABLE_STRICT_OBJC_MSGSEND = YES;
				ENABLE_TESTABILITY = YES;
				GCC_C_LANGUAGE_STANDARD = gnu11;
				GCC_DYNAMIC_NO_PIC = NO;
				GCC_NO_COMMON_BLOCKS = YES;
				GCC_OPTIMIZATION_LEVEL = 0;
				GCC_PREPROCESSOR_DEFINITIONS = (
					"DEBUG=1",
					"$(inherited)",
				);
				GCC_WARN_64_TO_32_BIT_CONVERSION = YES;
				GCC_WARN_ABOUT_RETURN_TYPE = YES_ERROR;
				GCC_WARN_UNDECLARED_SELECTOR = YES;
				GCC_WARN_UNINITIALIZED_AUTOS = YES_AGGRESSIVE;
				GCC_WARN_UNUSED_FUNCTION = YES;
				GCC_WARN_UNUSED_VARIABLE = YES;
				IPHONEOS_DEPLOYMENT_TARGET = 12.1;
				MTL_ENABLE_DEBUG_INFO = INCLUDE_SOURCE;
				MTL_FAST_MATH = YES;
				ONLY_ACTIVE_ARCH = YES;
				SDKROOT = iphoneos;
				SWIFT_ACTIVE_COMPILATION_CONDITIONS = DEBUG;
				SWIFT_OPTIMIZATION_LEVEL = "-Onone";
			};
			name = Debug;
		};
		FDFE613721B24DBE003F25B4 /* Release */ = {
			isa = XCBuildConfiguration;
			buildSettings = {
				ALWAYS_SEARCH_USER_PATHS = NO;
				CLANG_ANALYZER_NONNULL = YES;
				CLANG_ANALYZER_NUMBER_OBJECT_CONVERSION = YES_AGGRESSIVE;
				CLANG_CXX_LANGUAGE_STANDARD = "gnu++14";
				CLANG_CXX_LIBRARY = "libc++";
				CLANG_ENABLE_MODULES = YES;
				CLANG_ENABLE_OBJC_ARC = YES;
				CLANG_ENABLE_OBJC_WEAK = YES;
				CLANG_WARN_BLOCK_CAPTURE_AUTORELEASING = YES;
				CLANG_WARN_BOOL_CONVERSION = YES;
				CLANG_WARN_COMMA = YES;
				CLANG_WARN_CONSTANT_CONVERSION = YES;
				CLANG_WARN_DEPRECATED_OBJC_IMPLEMENTATIONS = YES;
				CLANG_WARN_DIRECT_OBJC_ISA_USAGE = YES_ERROR;
				CLANG_WARN_DOCUMENTATION_COMMENTS = YES;
				CLANG_WARN_EMPTY_BODY = YES;
				CLANG_WARN_ENUM_CONVERSION = YES;
				CLANG_WARN_INFINITE_RECURSION = YES;
				CLANG_WARN_INT_CONVERSION = YES;
				CLANG_WARN_NON_LITERAL_NULL_CONVERSION = YES;
				CLANG_WARN_OBJC_IMPLICIT_RETAIN_SELF = YES;
				CLANG_WARN_OBJC_LITERAL_CONVERSION = YES;
				CLANG_WARN_OBJC_ROOT_CLASS = YES_ERROR;
				CLANG_WARN_RANGE_LOOP_ANALYSIS = YES;
				CLANG_WARN_STRICT_PROTOTYPES = YES;
				CLANG_WARN_SUSPICIOUS_MOVE = YES;
				CLANG_WARN_UNGUARDED_AVAILABILITY = YES_AGGRESSIVE;
				CLANG_WARN_UNREACHABLE_CODE = YES;
				CLANG_WARN__DUPLICATE_METHOD_MATCH = YES;
				CODE_SIGN_IDENTITY = "iPhone Developer";
				COPY_PHASE_STRIP = NO;
				DEBUG_INFORMATION_FORMAT = "dwarf-with-dsym";
				ENABLE_NS_ASSERTIONS = NO;
				ENABLE_STRICT_OBJC_MSGSEND = YES;
				GCC_C_LANGUAGE_STANDARD = gnu11;
				GCC_NO_COMMON_BLOCKS = YES;
				GCC_WARN_64_TO_32_BIT_CONVERSION = YES;
				GCC_WARN_ABOUT_RETURN_TYPE = YES_ERROR;
				GCC_WARN_UNDECLARED_SELECTOR = YES;
				GCC_WARN_UNINITIALIZED_AUTOS = YES_AGGRESSIVE;
				GCC_WARN_UNUSED_FUNCTION = YES;
				GCC_WARN_UNUSED_VARIABLE = YES;
				IPHONEOS_DEPLOYMENT_TARGET = 12.1;
				MTL_ENABLE_DEBUG_INFO = NO;
				MTL_FAST_MATH = YES;
				SDKROOT = iphoneos;
				SWIFT_COMPILATION_MODE = wholemodule;
				SWIFT_OPTIMIZATION_LEVEL = "-O";
				VALIDATE_PRODUCT = YES;
			};
			name = Release;
		};
		FDFE613921B24DBE003F25B4 /* Debug */ = {
			isa = XCBuildConfiguration;
			buildSettings = {
				ASSETCATALOG_COMPILER_APPICON_NAME = AppIcon;
				CODE_SIGN_STYLE = Automatic;
				DEVELOPMENT_TEAM = W96DGAW597;
				INFOPLIST_FILE = BlueToothKeyboard/Info.plist;
				LD_RUNPATH_SEARCH_PATHS = (
					"$(inherited)",
					"@executable_path/Frameworks",
				);
				PRODUCT_BUNDLE_IDENTIFIER = cn.em.BlueToothKeyboard;
				PRODUCT_NAME = "$(TARGET_NAME)";
				SWIFT_VERSION = 4.2;
				TARGETED_DEVICE_FAMILY = "1,2";
			};
			name = Debug;
		};
		FDFE613A21B24DBE003F25B4 /* Release */ = {
			isa = XCBuildConfiguration;
			buildSettings = {
				ASSETCATALOG_COMPILER_APPICON_NAME = AppIcon;
				CODE_SIGN_STYLE = Automatic;
				DEVELOPMENT_TEAM = W96DGAW597;
				INFOPLIST_FILE = BlueToothKeyboard/Info.plist;
				LD_RUNPATH_SEARCH_PATHS = (
					"$(inherited)",
					"@executable_path/Frameworks",
				);
				PRODUCT_BUNDLE_IDENTIFIER = cn.em.BlueToothKeyboard;
				PRODUCT_NAME = "$(TARGET_NAME)";
				SWIFT_VERSION = 4.2;
				TARGETED_DEVICE_FAMILY = "1,2";
			};
			name = Release;
		};
		FDFE613C21B24DBE003F25B4 /* Debug */ = {
			isa = XCBuildConfiguration;
			buildSettings = {
				ALWAYS_EMBED_SWIFT_STANDARD_LIBRARIES = YES;
				BUNDLE_LOADER = "$(TEST_HOST)";
				CODE_SIGN_STYLE = Automatic;
				INFOPLIST_FILE = BlueToothKeyboardTests/Info.plist;
				LD_RUNPATH_SEARCH_PATHS = (
					"$(inherited)",
					"@executable_path/Frameworks",
					"@loader_path/Frameworks",
				);
				PRODUCT_BUNDLE_IDENTIFIER = cn.em.BlueToothKeyboardTests;
				PRODUCT_NAME = "$(TARGET_NAME)";
				SWIFT_VERSION = 4.2;
				TARGETED_DEVICE_FAMILY = "1,2";
				TEST_HOST = "$(BUILT_PRODUCTS_DIR)/BlueToothKeyboard.app/BlueToothKeyboard";
			};
			name = Debug;
		};
		FDFE613D21B24DBE003F25B4 /* Release */ = {
			isa = XCBuildConfiguration;
			buildSettings = {
				ALWAYS_EMBED_SWIFT_STANDARD_LIBRARIES = YES;
				BUNDLE_LOADER = "$(TEST_HOST)";
				CODE_SIGN_STYLE = Automatic;
				INFOPLIST_FILE = BlueToothKeyboardTests/Info.plist;
				LD_RUNPATH_SEARCH_PATHS = (
					"$(inherited)",
					"@executable_path/Frameworks",
					"@loader_path/Frameworks",
				);
				PRODUCT_BUNDLE_IDENTIFIER = cn.em.BlueToothKeyboardTests;
				PRODUCT_NAME = "$(TARGET_NAME)";
				SWIFT_VERSION = 4.2;
				TARGETED_DEVICE_FAMILY = "1,2";
				TEST_HOST = "$(BUILT_PRODUCTS_DIR)/BlueToothKeyboard.app/BlueToothKeyboard";
			};
			name = Release;
		};
/* End XCBuildConfiguration section */

/* Begin XCConfigurationList section */
		FDFE611621B24DBB003F25B4 /* Build configuration list for PBXProject "BlueToothKeyboard" */ = {
			isa = XCConfigurationList;
			buildConfigurations = (
				FDFE613621B24DBE003F25B4 /* Debug */,
				FDFE613721B24DBE003F25B4 /* Release */,
			);
			defaultConfigurationIsVisible = 0;
			defaultConfigurationName = Release;
		};
		FDFE613821B24DBE003F25B4 /* Build configuration list for PBXNativeTarget "BlueToothKeyboard" */ = {
			isa = XCConfigurationList;
			buildConfigurations = (
				FDFE613921B24DBE003F25B4 /* Debug */,
				FDFE613A21B24DBE003F25B4 /* Release */,
			);
			defaultConfigurationIsVisible = 0;
			defaultConfigurationName = Release;
		};
		FDFE613B21B24DBE003F25B4 /* Build configuration list for PBXNativeTarget "BlueToothKeyboardTests" */ = {
			isa = XCConfigurationList;
			buildConfigurations = (
				FDFE613C21B24DBE003F25B4 /* Debug */,
				FDFE613D21B24DBE003F25B4 /* Release */,
			);
			defaultConfigurationIsVisible = 0;
			defaultConfigurationName = Release;
		};
/* End XCConfigurationList section */
	};
	rootObject = FDFE611321B24DBB003F25B4 /* Project object */;
}
